# Fingerprints of the verbatim official wording (Master Plan §3.1).
#
# Generated by `bin/cert lock:wording`. Rule SYL-002 fails the build when
# an item's wording no longer matches its fingerprint, so that a reword
# cannot slip in as an ordinary content edit. Regenerating this file is a
# syllabus refresh and must be a deliberate, reviewed decision.

schema_version: 1
syllabus_revision: "2026-09-01-complete"

fingerprints:
  OIT-46ry8d7dypmb: 0300ad78ac4c1122057b1e40585df5f1f9bcab6ffd428151292e44ca2ebe6d67
  OIT-ywrx9x3hg9z8: 6123d120245d227151344ffe2941a43fa18726aab5e7dd9912502810406587e3
  OIT-1kjqdnryaw0h: 4b0ed88f7d99420fb3ba2c68e20992280f6dcac4afaf32da17bee89c656c2ccf
  OIT-vt0p9cacpkpd: e5ac2c2b24825157e401eb95bf3b6c7785acd991902e676f1517eb3d1693b511
  OIT-fhb3vz7xbt5h: 290613249fc8573459f4b94d2772c4d2669c15daf0f6cbf8488fb757d0b18c6a
  OIT-webdvbgbrfth: b448f10c7d91a20b3d1de8544ebd8b348a874a04439e0bdf35b8cca5a474b556
  OIT-bvnvx2b6yt2y: ddc8fff5a6abf1dee97c5328e125b1bc004dcaea08c4c96d83a2b69b885ac444
  OIT-n0zfkcr189af: e0ab4adb01b26f9826cee772123af832c93981e47a14189c514fbd40212a3ce5
  OIT-hqz5c2qse24w: 2ee7ca9fcbc38a7536d6ce70e51536a89b9ae32071d4f0518a94f2a37ee1d439
  OIT-7801mj6w73ky: f4b2fbee9405fc377b58663574db7938e4406ea692fc0b76fc0786b1b73514cc
  OIT-512se83ab7qj: b33f0e13cdac7d28506393999e1693f1e083553aba0be3cbffb000a5a5990f30
  OIT-d3nyk9z0q2pd: f1ee1152c8b29ea2347b8de6b78871a878da0061b869c5301b1b37f927a6f2db
  OIT-jh06tkfrhthq: ec604fb7fe09b8a85920f8304dd0ad9e6e1de3f13a9b34dd04a7a33160ea727c
  OIT-qnm508g1ktqm: b68f89f0c9d51b8ae44750131373c5626dc2b50352c9ab0132e596b246c13844
  OIT-bz1f5nh8g9b2: 141395eb35564fe50baa1839eb43315ec1880ae19f53b926611a483029a5a603
  OIT-tc39jp8japfc: d211a4c2e0b6a7c0920be9d36d02f65b2f16792e41c7c54d7442384c3682d5cf
  OIT-mrvrtxm4v2m5: 1798d2ab7291691bc920c066a9307d4d3ec4884e1f33229c3e9395374d979d3f
  OIT-fhjmv9w3wxsb: 1ce51ac55c22fd876f5824346d1e88474855b785c961333b567f965b83929705
  OIT-9kh5cqz5qtrb: 16c13512bda36e7590399272168831b5ce0a2f597507d325f77b14e8d8871272
  OIT-y0ah7pq9c4hv: c5118745d7f738d6040d441800e7933dbc08a5aa9aab1dae9668b1a7bf11c3b9
  OIT-132nwnh9c6bc: 58126bac0a08d8e9b91967f5c9778cb9b0cd2adb72e11da1353210dd3d50f1cf
  OIT-347k8phdewem: c011d6097bfbc8e936280addcf2e3e7d06ea2223ffd596973191b800a7035c32
  OIT-d416348gfhde: 6869abdb6eafe762cda3a2c33d9be6ba8a4cf59c300ac5fa18ca68baf82f475b
  OIT-p3p7te94qc1n: b84a7c8351d436be4b0d9ea5c91634d1e233e6000959378de7b68d43d81c7c7c
  OIT-7sewqvmw6468: ea45a287f8f9ad3c79b42397192f3543b5c9eda2b145bbaa23d433437b35e0ea
  OIT-xc4zfr70jjas: 1408e071af201b75a362dd1299ffc036eebb568f4a8c8865cb46dc53844bdd7d
  OIT-rd9b27fkb72r: 95de34e4d4cf369c5958c95fbc5891f37033a07b5cda30224b1b049b9e6025e4
  OIT-hzbednd04fd4: f347b55aa410d6cf39133a2101b791b784b9bec8c8324ea27c3c7a51661553e6
  OIT-vk57zg2wpep7: 320e6defdb2b0c1bc20002f1c2083fc762e559dafa400935b9bbaa7673aa6909
  OIT-ehf5zdnmdb1j: bde462e86e6aa0fd72adf2ff22363158c2944506a6a04701d759bdff57b92502
  OIT-efzq92vdtayj: 21cff3500f0b032c9e1415bbca41fe56343cec35daee7a4fdf47e647baa5449d
  OIT-pk5s7cnhk776: 1f81ad2177d4b4e4d1bc58333bf317ba9287ba49ace7fba79c0f108ff5804fd6
  OIT-kcj9a5846b1s: d159dedf7969e13f1730abb13291a853b243f3611d2dcc488cf73a9f69755f39
  OIT-c9pjp03cv4bq: 939957b49657e6d44981b392892b3d3d0cad9446b5d6589d22bd584f345da0f4
  OIT-qr7gnht5s847: c310adcf5d116b680e4d90224f44000df181193072646d1c7cb7e509a7e65018
  OIT-ycc2c8tnv68h: 939957b49657e6d44981b392892b3d3d0cad9446b5d6589d22bd584f345da0f4
  OIT-gqpj4rbt0hc7: d6c5ec6364da2ad32518425057bf9ab9dc7616726f4f9ab6339982b3e887ccef
  OIT-6cr9b8ea8g32: 9c6da702b67ed15fde854b2308f4682ba3ac24bdb10eb747056bd58cc1bbeecb
  OIT-2emwghgkkrdy: 9a265e023442c357f95a2e0c0a50bbd64841ea154be8cace66a0f12c55a4c043
  OIT-pfrzrr0qcmh3: e40cf420f7f1147378ac6b9a6b21f6844d3dfec0a6ac96478f9d58d2b6b24b6a
  OIT-e41m74xaqhy7: 7d7d6f967e59de84d7e4825bcdbe118f9edc498406b8299b799bce16a36d60cf
  OIT-65bev6t7wbna: faf73e0d9b2ddd0ffc0e8bdbbcc6d4c4ddfbff009abb8e099fefcbeccbda1996
  OIT-bwfqarnn6s2f: b00b77cd01ea5106d652f56740d8148f79cf9269a3772c4e8b9ad1228ed345ee
  OIT-znm2tr61aw9p: f6d061204601a23a20e6c9f1ffb9f086b1fd97a3e4df6dcffee56591c0e91133
  OIT-emymfwgesh99: 8215af29a632fb8fa8fc2a6c514ae72dcb50aa199d309a288120090c25549821
  OIT-tb3bnd6b0f01: e6ea204fbcb076829fa62eeeb4845d403c2a898ef9ef7006c327d31f10fd4d52
  OIT-e93sa9rd4kd9: b9eca5aee595cd01bcfe4a51a1a26222907e363bc0616b3ebd84348ddf10b754
  OIT-8hs6e05vq91g: 7d66c6069f1242ede0030107b99ce552c06ae0d84d1ebb4084b02d5265cd17f4
  OIT-ceaw3ewfsw85: c91fe43711f2341001134694ed910e20ca742b7d3edd3ae727e5146cd7c368c5
  OIT-egy2wn3z7gb7: 88c3a6f3f80703f5c89aef15c4fcf9556509775a9f4aa1db89efc1218c366296
  OIT-1cj08dhtp9hj: b0cc7dd9f8099f97a134cd81864aa5f033786dd8cb655549898c9c67d307e474
  OIT-ff0kghjbzvpm: 0b883858bf4062cbf8a9aee1290831d2e6537b979a5b0dae0fd7ef7bb9e2d3e8
  OIT-81b2c0jmv2j3: f32f525bb5f24e5a4a734e47ecd768e72bbbdcb7b13581bd23e3d7fb71095366
  OIT-d51jbkfs21pt: 652623e52c7ca8fd0ec6c8246819fe32b7983ee9a43e3abc9b0f2113be1a8255
  OIT-4pgc74ctc3vc: 9824e9482147d642625d31b200b9410aa7d6a9c8fb2b86af0d9272b2b5e68979
  OIT-21m4pmtymygn: dcac4bd6dcf38860797463137b1c346fe8043ac14cd9880ed7aa4b12e5ccdc97
  OIT-e2zrm9qkpx7j: c491b9d86c84440e4e0ed016dec4adae8ac05bde047aaef77b1f90c83f933890
  OIT-5g82spham3vm: 65f16c608312a88f95570e24e377a16b515979cd6a82646e7ef84869ae7deebb
  OIT-xxcpx1qssp93: e12ee5bd7917620f05b05c735333b83413c41f0bd9f9c51a829d0011c5f79589
  OIT-8sr74a2wnb3r: 28fa55cec014be551a15c0513901b79ad9b616c67c2b34a6c89f094de2cb7948
  OIT-b9x8az2bx4t8: 0ce9f21cd962a793630f12c7944c62f5f00212f4fb6d638d68ce1d1302351b40
  OIT-vhd83fn6w9wy: 00e09ca1f4916fc18f8b08275b6be92c7e66d9c3be5dd15402a55c7a41089543
  OIT-ns36thqnh2jk: 0a07c31e3bf10072b551b7df9838478dbe178b946636680c46d6d170e1142f34
  OIT-g3p8wdtww344: 6338e320909d004aba3d1a0535e8f00881ee0e5852d2cfc28204fff94dc87fb5
  OIT-dp7w7s85wxjg: 367ea46c375318e15ed251f78afcf3528899bc67a2b827a9db15c7dc872cd4f9
  OIT-sqekx9pkbe5v: 428cda661859017eeee8c6164614d9dd9713eea1588818ea699f8ce5fad68d15
  OIT-ds2p5d4eg0pq: a1e63c3263bfefe9f61016a0e55025e036284922f3dc7d9b96dd6e83bab67cb6
  OIT-84j0qwkbcgq6: 0652d6fc987b7e4e7280153bf30ce58eb6459607ff5e5d8f9a1b69805df6d314
  OIT-yh6zx9shv9vs: f32f525bb5f24e5a4a734e47ecd768e72bbbdcb7b13581bd23e3d7fb71095366
  OIT-c34hn4px3czj: 731ab78abdbb8da1748dfb55883a49e58c3df765b827e109854cfe966343d109
  OIT-sd08j04k60m0: eb40607498ff96ac55dfeaf328ac1965386f8e074587208a07a1eb578a1327d7
  OIT-30gnb617ksex: 6e1602e133ec6c5e91edee1f0df60e82ca405bedc1699fbe10333fc22014c160
  OIT-tw3xaqbz8xjy: baed456e03e95a10eefcfb3b273bdb14ba1cbe4cfa2dab556f2d6b8d7d096a47
  OIT-3r7rp470754w: 41a609f12840c2a642449fb0adeb80483cdceaec2c322e2aaa3ef062fc8d22a4
  OIT-tsxxgp3ppj1n: 1655b1f26f5cbad5e40fdebadf3fc12a23e5941cbd93ffb306533ceaf852333f
  OIT-fhpttc4c5x0k: b36798a0d3c6a8de006e15ab3948c4d388685c56f6522cbcfe2ddec92caa8af7
  OIT-mgvdw7cfpwyz: f05200d52158fba166b8458dc4a93fa16efbe0b78a9c3a56ad553b75bac47cb1
  OIT-5xvjqa4203xe: b03f4303c87b6ff84dbaf67028157e89326c758229f0b43c02dc775d85fe24c3
  OIT-gxew257vwhm8: 61d76b7324d192564803d990f6a6ab2349e6ea863324414c3203bcced9d8f4b5
  OIT-j2vjdxcer4ft: 5699d9341ac3cdcd8fac3476b51070c5c02f19a0b63509e82834234489b9b4b5
  OIT-dmkbj2x94rks: 84c537ef00cfca26cb5450e84b5c0147f56f96c2bcc1c393228312efbceacd3f
  OIT-j6tqs8s8f54f: a02247a7d19b044328b41f2c2e03f436a5943702c5ce6bdb0a50bffad5ef8a66
  OIT-p810t98zedem: 3ccd9c5997efb0b80a08fade2df5d8db969c0c3b9fd3e5539c78452bfaa492fb
  OIT-58r9dadx916v: d29f6ddb5c3d272df330249d60eb611829b9f9303d4ff6fedfb4262ef8261d31
  OIT-v7zyhcm44m88: 60e78e5a5d2fc4bcf243b4721df2945fe8386de2a1872f6dd453f4e4e28f3cc6
  OIT-gcs0jathkv9b: 5721e1ffe1ecad1da5916f8932821af5a6769b3dcc31dfeeddf48c74583dcc73
  OIT-rj9web4whgmz: ae863842dddda2b3f3d0899ffe2fa246956c0c5834ce3fc692ec0dd0eb6038c7
  OIT-6wd8860brzfy: 3b33a2aea24ec1da405679be086e23c449a6705dbc6a5369c47cbc4d74b5fc14
  OIT-d3yp0sq36xrx: 8a8da8f615e68200fda85b3514670680df1c6d9fc2769114e42f17c1d1b9d090
  OIT-9x3strrjdng7: c582e01ffb53f565380bab99f9f80e721d15fc926f778d8b6811c8e3f970d63c
  OIT-ttwpe00f32q9: d2afdb03b0f3b192e7750bc592b61058bcabef09c75bc8216509d57e11b5c125
  OIT-kkhb3wd341ex: 0040134ea592c4f2ad934ccf5c11cfea82d754b792abfc280dd18ff5c6b7635e
  OIT-rwavvsx2d7nq: 7ce552ec69c892d6b99eb266179ab60cf184000f30925651b054665cb67c1709
  OIT-hcdrp2y7kbct: 8c148b05aa131528b405f18948df6040c831cc7f2bd954d3f605b12e384ac0d6
  OIT-0wnxbapegqhv: b5d3560c6f0b4b1f47c15945a328bbcef3442dd8b92949b18ef1a27a4354fda1
  OIT-92ctf3sy3ddk: f498b9270420c427692152e38286a5996b8c9cd3bedfeb459a6c476936d5b7b8
  OIT-79f4n087b66c: 4ed3e10f42caec349ba4a0aa9880ce5644416bd16ae8cfed6379888946316102
  OIT-dy7108w6bf4z: 8e15a976232c79185c5407b9d38c1a1e5aa7b45a751a38318d4f1364be8480c4
  OIT-ar4h3zfskjsp: 19af584216220c4b5b818dd8dd135deeb315d66326f750770e7960c672da2fd9
  OIT-stze9x4aydp3: 3c73937854a602ea5a4dd12077402874e2e3a4c762f71d148854c8a9aaba324c
  OIT-adhs2ny9hc5f: 91157deb2174f53e763039424acb521016318ebc59a56d365ffdbb57b0547126
  OIT-83sac57rw0xn: 1331275bc537b4c2bf1e46f7275677967515342e30b572e6852fa6f51b831fe8
  OIT-qj4xfkhwdrx7: 32e48ffd3fef2522a396622cd0307257af40f9e8c4425bfc4231420302d6eb77
  OIT-h2n7d7dbr56p: 18ea290d5e56bb08ccbff6436c4a3c3d66cf94e84a800c21e0c746d7aaaab733
  OIT-3y0b9gxyandm: 3cd0e1d1f36739214e2cb9ff923a44651b557b2a1571d8495bdbf835219e30db
  OIT-wm3qdqemtap9: 6e680e7fa4f2d4e27f4902ae24356ed1c6a8585391d29bb66919ef46a7f2c742
  OIT-gkhcbtygef69: 835ba4e3056a145ec4dbb75765bc04497b20378dc0ab0bf01e82fa6d1cb52dd8
  OIT-942znmbjwvad: ab5c1ddd319641f92a2bcda56b5aba2ea9d557cade23821c33b9ca15a8a27aa9
  OIT-z9c24d68et6w: 66880d2d8216260d201917a72eb245440ef18ba9b54c070ee39aa4c343ae126f
  OIT-3qgn13f7zvqx: ca5839e38a15433e62b39767d6a86eaafba17ea6b3ea61e3b89e2ac46baa874c
  OIT-xh63g15rz6n3: b332c3492d5eb10a118eb6d8b0dcd689bc2477ce2ae16b303753b942b54377bc
  OIT-45p7535dk4s2: 996c32b35f2182a9c83815395113f92344269ebb4ab3525017c4cafaa3d1a8fd
  OIT-rwa6m06crs1h: 5e70278b556911cc98d6ab72253966f421b7a9a92f3cbe011e50b9d2c1621750
  OIT-gkh08ztwdme1: 6b0cc904d081a8c11cfdaec667f05132cbfa8a57f5040d27d5fc0f2fc50d0dc6
  OIT-ta627mbwfz7m: 43a3b8d7fc4b50f2af572fec3579f01b1d24b6f4dc0616be273b936216909ea8
  OIT-fw6db7ryrk4q: c25337055464f8d31fb1498bc94025cba5eae3b0e1cf07741f09f8b873d00103
  OIT-cwfr5t1ngj23: 931bffed025ddfaa6b6df73e12192afa53a8bb97bc700fb459ed145888a5fabf
  OIT-s3jh7wg5km19: b68d7bdefef72298de4bb1810c7916d3f2b31af9b7a7671802846540765e8116
  OIT-kqm5mxq4jnkj: 17576410da3b85c03357264a460b18320628ed4362cb45eb936cad38e97b8f3f
  OIT-hs1297vvhr89: 5578657a9d37a8acfab68a5634fc3d32dc2b40f0e3105905a71ba49ad6bbada7
  OIT-ckr67pq9npyb: 7db2d5002ce05b25782f23d61ca005f2c4f7ead672137b616c3b55bc89d38c81
  OIT-9a8aa389vk48: 8ee0b3bcc92ec669799b484994df7f5970ade8841aef2327ead903659e1e5dae
  OIT-dctf03ftx44f: 7a1ec9fe6c3b483f5420a820892c4e29c5e76f6e1bbed4671e07de3371653e98
  OIT-76x1t7z916f4: af2bf7fd093cb089e8a15ed4f443b698e756504c10825408103a38267ebee8b4
  OIT-amnpjdprky6z: b801bb7bdebb87136d8946bc94c02ce145fdd4a7aaaf31993623e9698304c561
  OIT-16at9vwzww43: 8d14f6e72de8f18ab1ee5c5330f00653c0c3ce099e63024454f80af97e72d333
  OIT-481gmkgbksnr: 2b81a350621e620d874ea19586acfca9cb7733c195eba43e2158cd15d2af6c02
  OIT-zgq6w4jqamvb: 5901f17d1e795685c81d341a636abd6087e282d74554c85b3c9663a6550ff075
  OIT-kbg00jqxxwhq: 7fa733f30be9e41a1b23f0c476826aa2b045c3923e36f60d646e72a5e9bc9a19
  OIT-1hdmw4gm819r: b332c3492d5eb10a118eb6d8b0dcd689bc2477ce2ae16b303753b942b54377bc
  OIT-nr9m883d15qq: 5930b0d4f9490b43484a820d17212b9486762eaea26a04229d13e38b6915d7b5
  OIT-65sswf0qhw6c: e4d049ce15e1977c8f001adbb67e62cdb025014053df9a698cec80e44bd4c254
  OIT-v6wxp78gk42c: 846edef03d266ecaa2ba8b0d4b7033c75911d2ff63e5ac2ebc72ed2482fe5b5d
  OIT-cqs3m73y3rpy: 8992d686c156941586954c700ab95cb995d139687b1152dce1b825f59afb4d82
  OIT-dv5400dtksfg: 7e0b58a000991f9076841902288ed079aa3c7dd8b6c63388ade14a097c454854
  OIT-c6wd3f444qjn: 7092b91c9c00a540a653bb0d561ef6bffc940d54f9e2e3c8ee30e0d78aedd645
  OIT-favt42nvgdqh: 2785196e4b5e45abefc5c585d2d0cc1eb24e5d2ed10f38356ed2439b1f7eacce
  OIT-bc3brs4a4mtt: 8b9970eeff958e1cfe5c758be2fe58c8dcbf7df32b9b3baf9f8ee7a6852c9930
  OIT-se21g2xv6h4r: c13eafb450adcc4aacc8b673e0ee59af5bc333ba7da58c62e1cf338d97545d1b
  OIT-t0qx5z264tyf: 7ddfd65ae351b641b5a2cd082ba0327488de4a92e87ed98a384f57079f9f2e3b
  OIT-mtbcyaax2xsk: 6c8119d0fc5735a209a47580a0a11c3071f73a35a9ca7eb73d27372f89381a58
  OIT-bswvewkkkj1q: acd71556083a5b8378e5ebfdf0e318909aa1c612f1f9a9fb9436572237a1b1e7
  OIT-bzkq4e7wks9a: a8fad60bbe9cb87d481750eafa212d123676bb7f1d49fb0d66c4f27600db9aa7
  OIT-vj24gwq6r1r4: b9a1734fbd4593b057ed198e678544f314a9ea0f7eddfc7daabfd6f9d53fb79d
  OIT-tvc5rjv6qvse: a1d3c6d1e18ba2d0a71dbcb973789ac5f103c3289911ebb0f4f1ccbbf25fc419
  OIT-kv7mbksn7m8v: f56dcd7aaca9b6609c0ce38f1083cd7f0c2c0b50afe24dfd5b2e39dce427bac0
  OIT-xgrbftkj67ds: 5ab86b535fc4e25e3b8be6c8437c720dda99762ec5501a3daccbc7eb6aab05f3
  OIT-6xqn9ybksrbr: 0bd36ff045d98113370906b439fd5f2fbdb5d9d41ede4a7f1f4018acb526189e
  OIT-d1qsxrtv25kk: 48b4bbad8f1c9576bba6e2060bd451825892f0bee7dabe36e94637786cdfb76a
  OIT-3dd7821h069b: 47095248c37ffb8f1d5702f46c485578de8593aaf68f7882d4c0979265765463
  OIT-zezwg9nya501: 7f0ca4931fe761d3480d8f064223ef287136f93bf5b28c20a4f738b75310afaf
  OIT-78k7kbfpgfxt: a76ce82a974999d815b24e30286466c727c9bdbe92c88e676362ce22878ad12d
  OIT-qpjnpc56hjj0: 93ff9273de4b131b4cc3187f9d59229bf3e2c50626cbc733f6e44e3cd7b47d25
  OIT-s601ppsyb9f7: f47b87fc07f0a4b790eb2bdba4a573bdadb4fd0ebb84b4a0afa0a5322263dbc5
  OIT-tjn6kyvyc2h9: 8230c68a6158c8ba8c1b7d5b8e0557be9564e129e15806f60dc2205a9ca5bfe7
  OIT-a1anzcv85my3: ba40ff241db36ac39b47c1f9d338a9a48909deb1b4dc2af4eb7ab91522e9fb6a
  OIT-8xcczyjyyanz: 4e1f49a9c8ae8a158434e647c0c410352d718984a4fcd144d26cca3c394caa02
  OIT-j4vpn5bh9f27: 6c07ba63d2fc25b97aa85e24375508b598a265c4e95fd6810f124b4c98234fc7
  OIT-9xdjjsqcbn13: ead881770df12ce5a93be54d7a45fe8c1daad4ec4ac03a8f4dc7887a93a78c00
  OIT-qkcr4bat6dsb: e083bd83e9d3e97e3b3e7dbe6cca0dcac2c1342b57cb7984792ec01beee22c28
  OIT-43pt66xsft9f: 20d83e223ea7762f1d8d419d7dbb235a646f7cf31bf3e57167c6f18e6006bda5
  OIT-r3qcmsehzex1: 1093115897879aa3ad9511a1dc2850929cfb60ba45ec741605f69f5d20203472
  OIT-fr58jzaj6jtb: 69758179dc2ffb1d3dd7be15ef1d1f72aac0521d79d96f95ab0fb90e1da600eb
